{
    "akeneo/api-php-client": {
        "version": "v6.0.1"
    },
    "amazon-php/sp-api-sdk": {
        "version": "3.0.3"
    },
    "async-aws/core": {
        "version": "1.10.0"
    },
    "async-aws/s3": {
        "version": "1.9.0"
    },
    "aws/aws-crt-php": {
        "version": "v1.0.2"
    },
    "aws/aws-sdk-php": {
        "version": "3.184.6"
    },
    "box/spout": {
        "version": "v3.3.0"
    },
    "brick/math": {
        "version": "0.9.3"
    },
    "composer/package-versions-deprecated": {
        "version": "1.11.99.2"
    },
    "doctrine/annotations": {
        "version": "1.14",
        "recipe": {
            "repo": "github.com/symfony/recipes",
            "branch": "main",
            "version": "1.10",
            "ref": "64d8583af5ea57b7afa4aba4b159907f3a148b05"
        },
        "files": []
    },
    "doctrine/cache": {
        "version": "1.11.3"
    },
    "doctrine/collections": {
        "version": "1.6.7"
    },
    "doctrine/common": {
        "version": "3.1.2"
    },
    "doctrine/dbal": {
        "version": "2.13.1"
    },
    "doctrine/deprecations": {
        "version": "v0.5.3"
    },
    "doctrine/doctrine-bundle": {
        "version": "2.11",
        "recipe": {
            "repo": "github.com/symfony/recipes",
            "branch": "main",
            "version": "2.10",
            "ref": "310a02a22033e35640468f48ff6bf31a25891537"
        },
        "files": [
            "config/packages/doctrine.yaml",
            "src/Entity/.gitignore",
            "src/Repository/.gitignore"
        ]
    },
    "doctrine/doctrine-migrations-bundle": {
        "version": "3.3",
        "recipe": {
            "repo": "github.com/symfony/recipes",
            "branch": "main",
            "version": "3.1",
            "ref": "1d01ec03c6ecbd67c3375c5478c9a423ae5d6a33"
        },
        "files": [
            "config/packages/doctrine_migrations.yaml",
            "migrations/.gitignore"
        ]
    },
    "doctrine/event-manager": {
        "version": "1.1.1"
    },
    "doctrine/inflector": {
        "version": "2.0.3"
    },
    "doctrine/instantiator": {
        "version": "1.4.0"
    },
    "doctrine/lexer": {
        "version": "1.2.1"
    },
    "doctrine/migrations": {
        "version": "3.1.3"
    },
    "doctrine/orm": {
        "version": "2.9.3"
    },
    "doctrine/persistence": {
        "version": "2.2.1"
    },
    "doctrine/sql-formatter": {
        "version": "1.1.1"
    },
    "easycorp/easyadmin-bundle": {
        "version": "3.0",
        "recipe": {
            "repo": "github.com/symfony/recipes",
            "branch": "master",
            "version": "3.0",
            "ref": "b131e6cbfe1b898a508987851963fff485986285"
        }
    },
    "egulias/email-validator": {
        "version": "3.1.1"
    },
    "firebase/php-jwt": {
        "version": "v5.5.1"
    },
    "friendsofphp/proxy-manager-lts": {
        "version": "v1.0.5"
    },
    "guzzlehttp/guzzle": {
        "version": "7.3.0"
    },
    "guzzlehttp/promises": {
        "version": "1.4.1"
    },
    "guzzlehttp/psr7": {
        "version": "1.8.2"
    },
    "illuminate/collections": {
        "version": "v8.73.2"
    },
    "illuminate/contracts": {
        "version": "v8.73.2"
    },
    "illuminate/macroable": {
        "version": "v8.73.2"
    },
    "illuminate/support": {
        "version": "v8.73.2"
    },
    "kriswallsmith/buzz": {
        "version": "1.2",
        "recipe": {
            "repo": "github.com/symfony/recipes-contrib",
            "branch": "master",
            "version": "1.0",
            "ref": "7238da98cc4912f7ff0a124cbac6e89ffb149db2"
        },
        "files": [
            "config/packages/buzz.yaml"
        ]
    },
    "laminas/laminas-code": {
        "version": "3.4.1"
    },
    "laminas/laminas-eventmanager": {
        "version": "3.3.1"
    },
    "laminas/laminas-zendframework-bridge": {
        "version": "1.2.0"
    },
    "league/flysystem": {
        "version": "2.1.0"
    },
    "league/flysystem-async-aws-s3": {
        "version": "2.0.6"
    },
    "league/flysystem-aws-s3-v3": {
        "version": "2.1.0"
    },
    "league/flysystem-bundle": {
        "version": "2.2",
        "recipe": {
            "repo": "github.com/symfony/recipes-contrib",
            "branch": "master",
            "version": "1.0",
            "ref": "913dc3d7a5a1af0d2b044c5ac3a16e2f851d7380"
        },
        "files": [
            "config/packages/flysystem.yaml",
            "var/storage/.gitignore"
        ]
    },
    "league/flysystem-ftp": {
        "version": "2.0.8"
    },
    "league/mime-type-detection": {
        "version": "1.7.0"
    },
    "lorenzo/pinky": {
        "version": "1.0.5"
    },
    "monolog/monolog": {
        "version": "2.2.0"
    },
    "mtdowling/jmespath.php": {
        "version": "2.6.0"
    },
    "myclabs/deep-copy": {
        "version": "1.10.2"
    },
    "nesbot/carbon": {
        "version": "2.54.0"
    },
    "nikic/php-parser": {
        "version": "v4.10.5"
    },
    "nyholm/psr7": {
        "version": "1.4",
        "recipe": {
            "repo": "github.com/symfony/recipes",
            "branch": "master",
            "version": "1.0",
            "ref": "0cd4d2d0e7f646fda75f9944f747a56e6ed13d4c"
        },
        "files": [
            "config/packages/nyholm_psr7.yaml"
        ]
    },
    "phar-io/manifest": {
        "version": "2.0.1"
    },
    "phar-io/version": {
        "version": "3.1.0"
    },
    "php-http/discovery": {
        "version": "1.14.1"
    },
    "php-http/httplug": {
        "version": "2.2.0"
    },
    "php-http/message-factory": {
        "version": "v1.0.2"
    },
    "php-http/multipart-stream-builder": {
        "version": "1.2.0"
    },
    "php-http/promise": {
        "version": "1.1.0"
    },
    "phpdocumentor/reflection-common": {
        "version": "2.2.0"
    },
    "phpdocumentor/reflection-docblock": {
        "version": "5.2.2"
    },
    "phpdocumentor/type-resolver": {
        "version": "1.4.0"
    },
    "phpspec/prophecy": {
        "version": "1.13.0"
    },
    "phpstan/phpstan": {
        "version": "1.10",
        "recipe": {
            "repo": "github.com/symfony/recipes-contrib",
            "branch": "main",
            "version": "1.0",
            "ref": "5e490cc197fb6bb1ae22e5abbc531ddc633b6767"
        },
        "files": [
            "phpstan.dist.neon"
        ]
    },
    "phpunit/php-code-coverage": {
        "version": "9.2.6"
    },
    "phpunit/php-file-iterator": {
        "version": "3.0.5"
    },
    "phpunit/php-invoker": {
        "version": "3.1.1"
    },
    "phpunit/php-text-template": {
        "version": "2.0.4"
    },
    "phpunit/php-timer": {
        "version": "5.0.3"
    },
    "phpunit/phpunit": {
        "version": "9.6",
        "recipe": {
            "repo": "github.com/symfony/recipes",
            "branch": "main",
            "version": "9.6",
            "ref": "7364a21d87e658eb363c5020c072ecfdc12e2326"
        },
        "files": [
            ".env.test",
            "phpunit.xml.dist",
            "tests/bootstrap.php"
        ]
    },
    "psr/cache": {
        "version": "1.0.1"
    },
    "psr/container": {
        "version": "1.1.1"
    },
    "psr/event-dispatcher": {
        "version": "1.0.0"
    },
    "psr/http-client": {
        "version": "1.0.1"
    },
    "psr/http-factory": {
        "version": "1.0.1"
    },
    "psr/http-message": {
        "version": "1.0.1"
    },
    "psr/link": {
        "version": "1.0.0"
    },
    "psr/log": {
        "version": "1.1.4"
    },
    "psr/simple-cache": {
        "version": "1.0.1"
    },
    "rakit/validation": {
        "version": "v1.4.0"
    },
    "ralouphie/getallheaders": {
        "version": "3.0.3"
    },
    "ramsey/collection": {
        "version": "1.2.2"
    },
    "ramsey/uuid": {
        "version": "4.2.3"
    },
    "sebastian/cli-parser": {
        "version": "1.0.1"
    },
    "sebastian/code-unit": {
        "version": "1.0.8"
    },
    "sebastian/code-unit-reverse-lookup": {
        "version": "2.0.3"
    },
    "sebastian/comparator": {
        "version": "4.0.6"
    },
    "sebastian/complexity": {
        "version": "2.0.2"
    },
    "sebastian/diff": {
        "version": "4.0.4"
    },
    "sebastian/environment": {
        "version": "5.1.3"
    },
    "sebastian/exporter": {
        "version": "4.0.3"
    },
    "sebastian/global-state": {
        "version": "5.0.3"
    },
    "sebastian/lines-of-code": {
        "version": "1.0.3"
    },
    "sebastian/object-enumerator": {
        "version": "4.0.4"
    },
    "sebastian/object-reflector": {
        "version": "2.0.4"
    },
    "sebastian/recursion-context": {
        "version": "4.0.4"
    },
    "sebastian/resource-operations": {
        "version": "3.0.3"
    },
    "sebastian/type": {
        "version": "2.3.4"
    },
    "sebastian/version": {
        "version": "3.0.2"
    },
    "shopify/shopify-api": {
        "version": "v1.0.1"
    },
    "stof/doctrine-extensions-bundle": {
        "version": "1.7",
        "recipe": {
            "repo": "github.com/symfony/recipes-contrib",
            "branch": "main",
            "version": "1.2",
            "ref": "e805aba9eff5372e2d149a9ff56566769e22819d"
        },
        "files": [
            "config/packages/stof_doctrine_extensions.yaml"
        ]
    },
    "symfony/asset": {
        "version": "v5.3.2"
    },
    "symfony/browser-kit": {
        "version": "v5.3.0"
    },
    "symfony/cache": {
        "version": "v5.3.0"
    },
    "symfony/cache-contracts": {
        "version": "v2.4.0"
    },
    "symfony/config": {
        "version": "v5.3.2"
    },
    "symfony/console": {
        "version": "5.3",
        "recipe": {
            "repo": "github.com/symfony/recipes",
            "branch": "master",
            "version": "5.3",
            "ref": "da0c8be8157600ad34f10ff0c9cc91232522e047"
        },
        "files": [
            "bin/console"
        ]
    },
    "symfony/css-selector": {
        "version": "v5.3.0"
    },
    "symfony/debug-bundle": {
        "version": "6.4",
        "recipe": {
            "repo": "github.com/symfony/recipes",
            "branch": "main",
            "version": "5.3",
            "ref": "5aa8aa48234c8eb6dbdd7b3cd5d791485d2cec4b"
        },
        "files": [
            "config/packages/debug.yaml"
        ]
    },
    "symfony/debug-pack": {
        "version": "v1.0.9"
    },
    "symfony/dependency-injection": {
        "version": "v5.3.2"
    },
    "symfony/deprecation-contracts": {
        "version": "v2.4.0"
    },
    "symfony/doctrine-bridge": {
        "version": "v5.3.1"
    },
    "symfony/dom-crawler": {
        "version": "v5.3.0"
    },
    "symfony/dotenv": {
        "version": "v5.3.0"
    },
    "symfony/error-handler": {
        "version": "v5.3.0"
    },
    "symfony/event-dispatcher": {
        "version": "v5.3.0"
    },
    "symfony/event-dispatcher-contracts": {
        "version": "v2.4.0"
    },
    "symfony/expression-language": {
        "version": "v5.3.0"
    },
    "symfony/filesystem": {
        "version": "v5.3.0"
    },
    "symfony/finder": {
        "version": "v5.3.0"
    },
    "symfony/flex": {
        "version": "1.21",
        "recipe": {
            "repo": "github.com/symfony/recipes",
            "branch": "main",
            "version": "1.0",
            "ref": "146251ae39e06a95be0fe3d13c807bcf3938b172"
        },
        "files": [
            ".env"
        ]
    },
    "symfony/form": {
        "version": "v5.3.2"
    },
    "symfony/framework-bundle": {
        "version": "6.4",
        "recipe": {
            "repo": "github.com/symfony/recipes",
            "branch": "main",
            "version": "6.4",
            "ref": "a91c965766ad3ff2ae15981801643330eb42b6a5"
        },
        "files": [
            "config/packages/cache.yaml",
            "config/packages/framework.yaml",
            "config/preload.php",
            "config/routes/framework.yaml",
            "config/services.yaml",
            "public/index.php",
            "src/Controller/.gitignore",
            "src/Kernel.php"
        ]
    },
    "symfony/google-mailer": {
        "version": "4.4",
        "recipe": {
            "repo": "github.com/symfony/recipes",
            "branch": "master",
            "version": "4.4",
            "ref": "f8fd4ddb9b477510f8f4bce2b9c054ab428c0120"
        }
    },
    "symfony/http-client": {
        "version": "v5.3.2"
    },
    "symfony/http-client-contracts": {
        "version": "v2.4.0"
    },
    "symfony/http-foundation": {
        "version": "v5.3.2"
    },
    "symfony/http-kernel": {
        "version": "v5.3.2"
    },
    "symfony/intl": {
        "version": "v5.3.0"
    },
    "symfony/mailchimp-mailer": {
        "version": "5.4",
        "recipe": {
            "repo": "github.com/symfony/recipes",
            "branch": "main",
            "version": "4.4",
            "ref": "1be490e068472fc87e226cf54bc95fb6f2e49117"
        }
    },
    "symfony/mailer": {
        "version": "6.4",
        "recipe": {
            "repo": "github.com/symfony/recipes",
            "branch": "main",
            "version": "4.3",
            "ref": "df66ee1f226c46f01e85c29c2f7acce0596ba35a"
        },
        "files": [
            "config/packages/mailer.yaml"
        ]
    },
    "symfony/mailgun-mailer": {
        "version": "5.4",
        "recipe": {
            "repo": "github.com/symfony/recipes",
            "branch": "main",
            "version": "4.4",
            "ref": "addcb559b32d9dbb4843826b063565e1b15a2a57"
        }
    },
    "symfony/maker-bundle": {
        "version": "1.0",
        "recipe": {
            "repo": "github.com/symfony/recipes",
            "branch": "master",
            "version": "1.0",
            "ref": "fadbfe33303a76e25cb63401050439aa9b1a9c7f"
        }
    },
    "symfony/mime": {
        "version": "v5.3.2"
    },
    "symfony/monolog-bridge": {
        "version": "v5.3.0"
    },
    "symfony/monolog-bundle": {
        "version": "3.10",
        "recipe": {
            "repo": "github.com/symfony/recipes",
            "branch": "main",
            "version": "3.7",
            "ref": "aff23899c4440dd995907613c1dd709b6f59503f"
        },
        "files": [
            "config/packages/monolog.yaml"
        ]
    },
    "symfony/notifier": {
        "version": "6.4",
        "recipe": {
            "repo": "github.com/symfony/recipes",
            "branch": "main",
            "version": "5.0",
            "ref": "178877daf79d2dbd62129dd03612cb1a2cb407cc"
        },
        "files": [
            "config/packages/notifier.yaml"
        ]
    },
    "symfony/options-resolver": {
        "version": "v5.3.0"
    },
    "symfony/orm-pack": {
        "version": "v2.1.0"
    },
    "symfony/password-hasher": {
        "version": "v5.3.2"
    },
    "symfony/phpunit-bridge": {
        "version": "6.4",
        "recipe": {
            "repo": "github.com/symfony/recipes",
            "branch": "main",
            "version": "6.3",
            "ref": "a411a0480041243d97382cac7984f7dce7813c08"
        },
        "files": [
            ".env.test",
            "bin/phpunit",
            "phpunit.xml.dist",
            "tests/bootstrap.php"
        ]
    },
    "symfony/polyfill-intl-grapheme": {
        "version": "v1.23.0"
    },
    "symfony/polyfill-intl-icu": {
        "version": "v1.23.0"
    },
    "symfony/polyfill-intl-idn": {
        "version": "v1.23.0"
    },
    "symfony/polyfill-intl-normalizer": {
        "version": "v1.23.0"
    },
    "symfony/polyfill-mbstring": {
        "version": "v1.23.0"
    },
    "symfony/polyfill-php73": {
        "version": "v1.23.0"
    },
    "symfony/polyfill-php80": {
        "version": "v1.23.0"
    },
    "symfony/polyfill-php81": {
        "version": "v1.23.0"
    },
    "symfony/polyfill-uuid": {
        "version": "v1.23.0"
    },
    "symfony/process": {
        "version": "v5.3.2"
    },
    "symfony/profiler-pack": {
        "version": "v1.0.5"
    },
    "symfony/property-access": {
        "version": "v5.3.0"
    },
    "symfony/property-info": {
        "version": "v5.3.1"
    },
    "symfony/proxy-manager-bridge": {
        "version": "v5.3.0"
    },
    "symfony/routing": {
        "version": "6.4",
        "recipe": {
            "repo": "github.com/symfony/recipes",
            "branch": "main",
            "version": "6.2",
            "ref": "e0a11b4ccb8c9e70b574ff5ad3dfdcd41dec5aa6"
        },
        "files": [
            "config/packages/routing.yaml",
            "config/routes.yaml"
        ]
    },
    "symfony/runtime": {
        "version": "v5.3.2"
    },
    "symfony/security-bundle": {
        "version": "6.4",
        "recipe": {
            "repo": "github.com/symfony/recipes",
            "branch": "main",
            "version": "6.4",
            "ref": "2ae08430db28c8eb4476605894296c82a642028f"
        },
        "files": [
            "config/packages/security.yaml",
            "config/routes/security.yaml"
        ]
    },
    "symfony/security-core": {
        "version": "v5.3.2"
    },
    "symfony/security-csrf": {
        "version": "v5.3.0"
    },
    "symfony/security-guard": {
        "version": "v5.3.0"
    },
    "symfony/security-http": {
        "version": "v5.3.2"
    },
    "symfony/sendgrid-mailer": {
        "version": "6.4",
        "recipe": {
            "repo": "github.com/symfony/recipes",
            "branch": "main",
            "version": "4.4",
            "ref": "224aedffb66812dc2b0965dabc14d5f800941da6"
        }
    },
    "symfony/serializer": {
        "version": "v5.3.2"
    },
    "symfony/serializer-pack": {
        "version": "v1.0.4"
    },
    "symfony/service-contracts": {
        "version": "v2.4.0"
    },
    "symfony/stimulus-bundle": {
        "version": "2.13",
        "recipe": {
            "repo": "github.com/symfony/recipes",
            "branch": "main",
            "version": "2.8",
            "ref": "9e33a8a3794b603fb4be6c04ee5ecab901ce549e"
        }
    },
    "symfony/stopwatch": {
        "version": "v5.3.0"
    },
    "symfony/string": {
        "version": "v5.3.2"
    },
    "symfony/translation": {
        "version": "6.4",
        "recipe": {
            "repo": "github.com/symfony/recipes",
            "branch": "main",
            "version": "6.3",
            "ref": "e28e27f53663cc34f0be2837aba18e3a1bef8e7b"
        },
        "files": [
            "config/packages/translation.yaml",
            "translations/.gitignore"
        ]
    },
    "symfony/translation-contracts": {
        "version": "v2.4.0"
    },
    "symfony/twig-bridge": {
        "version": "v5.3.0"
    },
    "symfony/twig-bundle": {
        "version": "6.4",
        "recipe": {
            "repo": "github.com/symfony/recipes",
            "branch": "main",
            "version": "6.4",
            "ref": "cab5fd2a13a45c266d45a7d9337e28dee6272877"
        },
        "files": [
            "config/packages/twig.yaml",
            "templates/base.html.twig"
        ]
    },
    "symfony/twig-pack": {
        "version": "v1.0.1"
    },
    "symfony/uid": {
        "version": "v5.3.3"
    },
    "symfony/ux-chartjs": {
        "version": "v2.4.0"
    },
    "symfony/validator": {
        "version": "6.4",
        "recipe": {
            "repo": "github.com/symfony/recipes",
            "branch": "main",
            "version": "5.3",
            "ref": "c32cfd98f714894c4f128bb99aa2530c1227603c"
        },
        "files": [
            "config/packages/validator.yaml"
        ]
    },
    "symfony/var-dumper": {
        "version": "v5.3.2"
    },
    "symfony/var-exporter": {
        "version": "v5.3.2"
    },
    "symfony/web-link": {
        "version": "v5.3.0"
    },
    "symfony/web-profiler-bundle": {
        "version": "6.4",
        "recipe": {
            "repo": "github.com/symfony/recipes",
            "branch": "main",
            "version": "6.1",
            "ref": "e42b3f0177df239add25373083a564e5ead4e13a"
        },
        "files": [
            "config/packages/web_profiler.yaml",
            "config/routes/web_profiler.yaml"
        ]
    },
    "symfony/webpack-encore-bundle": {
        "version": "2.1",
        "recipe": {
            "repo": "github.com/symfony/recipes",
            "branch": "main",
            "version": "2.0",
            "ref": "082d754b3bd54b3fc669f278f1eea955cfd23cf5"
        },
        "files": [
            "assets/app.js",
            "assets/styles/app.css",
            "config/packages/webpack_encore.yaml",
            "package.json",
            "webpack.config.js"
        ]
    },
    "symfony/yaml": {
        "version": "v5.3.2"
    },
    "theseer/tokenizer": {
        "version": "1.2.0"
    },
    "tijsverkoyen/css-to-inline-styles": {
        "version": "2.2.3"
    },
    "twig/cssinliner-extra": {
        "version": "v3.3.0"
    },
    "twig/extra-bundle": {
        "version": "v3.3.1"
    },
    "twig/inky-extra": {
        "version": "v3.3.0"
    },
    "twig/twig": {
        "version": "v3.3.2"
    },
    "umulmrum/holiday": {
        "version": "0.6.0"
    },
    "voku/portable-ascii": {
        "version": "1.5.6"
    },
    "webmozart/assert": {
        "version": "1.10.0"
    }
}
